# SPDX-FileCopyrightText: 2026 GARDENA GmbH
#
# SPDX-License-Identifier: GPL-3.0-or-later

id: wisun_correlate_sync_word_bb
label: correlate_sync_word_bb
category: '[Wi-SUN]'

templates:
  imports: from gnuradio import wisun
  make: wisun.correlate_sync_word_bb(${sfd})

parameters:
- id: sfd
  label: Start-of-Frame Delimiter
  dtype: int

inputs:
- domain: stream
  dtype: byte

outputs:
- domain: stream
  dtype: byte

file_format: 1
